
Microsoft Visual Studio Solution File, Format Version 12.00
# Visual Studio 15
VisualStudioVersion = 15.0.28307.106
MinimumVisualStudioVersion = 10.0.40219.1
Project("{FAE04EC0-301F-11D3-BF4B-00C04F79EFBC}") = "PenPaper", "PenPaper\PenPaper.csproj", "{01FB3436-91F7-47CA-AD3F-FB04A0E92228}"
EndProject
Global
	GlobalSection(SolutionConfigurationPlatforms) = preSolution
		Debug|Any CPU = Debug|Any CPU
		Release|Any CPU = Release|Any CPU
	EndGlobalSection
	GlobalSection(ProjectConfigurationPlatforms) = postSolution
		{01FB3436-91F7-47CA-AD3F-FB04A0E92228}.Debug|Any CPU.ActiveCfg = Debug|Any CPU
		{01FB3436-91F7-47CA-AD3F-FB04A0E92228}.Debug|Any CPU.Build.0 = Debug|Any CPU
		{01FB3436-91F7-47CA-AD3F-FB04A0E92228}.Release|Any CPU.ActiveCfg = Release|Any CPU
		{01FB3436-91F7-47CA-AD3F-FB04A0E92228}.Release|Any CPU.Build.0 = Release|Any CPU
	EndGlobalSection
	GlobalSection(SolutionProperties) = preSolution
		HideSolutionNode = FALSE
	EndGlobalSection
	GlobalSection(ExtensibilityGlobals) = postSolution
		SolutionGuid = {57BB95BF-4276-4C11-96C7-420BAA5F4F17}
	EndGlobalSection
EndGlobal
